
Microsoft Visual Studio Solution File, Format Version 12.00
# Visual Studio Version 16
VisualStudioVersion = 16.0.31624.102
MinimumVisualStudioVersion = 10.0.40219.1
Project("{FAE04EC0-301F-11D3-BF4B-00C04F79EFBC}") = "447Gibdd", "447Gibdd\447Gibdd.csproj", "{BB3A4E8E-329C-49F3-A0B7-D3D973AE219B}"
EndProject
Global
	GlobalSection(SolutionConfigurationPlatforms) = preSolution
		Debug|Any CPU = Debug|Any CPU
		Release|Any CPU = Release|Any CPU
	EndGlobalSection
	GlobalSection(ProjectConfigurationPlatforms) = postSolution
		{BB3A4E8E-329C-49F3-A0B7-D3D973AE219B}.Debug|Any CPU.ActiveCfg = Debug|Any CPU
		{BB3A4E8E-329C-49F3-A0B7-D3D973AE219B}.Debug|Any CPU.Build.0 = Debug|Any CPU
		{BB3A4E8E-329C-49F3-A0B7-D3D973AE219B}.Release|Any CPU.ActiveCfg = Release|Any CPU
		{BB3A4E8E-329C-49F3-A0B7-D3D973AE219B}.Release|Any CPU.Build.0 = Release|Any CPU
	EndGlobalSection
	GlobalSection(SolutionProperties) = preSolution
		HideSolutionNode = FALSE
	EndGlobalSection
	GlobalSection(ExtensibilityGlobals) = postSolution
		SolutionGuid = {E7722C51-8330-4F54-936D-2C4495030FB7}
	EndGlobalSection
EndGlobal
